
Microsoft Visual Studio Solution File, Format Version 12.00
# Visual Studio 15
VisualStudioVersion = 15.0.26430.16
MinimumVisualStudioVersion = 10.0.40219.1
Project("{FAE04EC0-301F-11D3-BF4B-00C04F79EFBC}") = "SignalFilteringTest", "SignalFilteringTest\SignalFilteringTest.csproj", "{BE05E5B0-9189-417E-8F45-9B3BFD4EBA38}"
EndProject
Global
	GlobalSection(SolutionConfigurationPlatforms) = preSolution
		Debug|Any CPU = Debug|Any CPU
		Release|Any CPU = Release|Any CPU
	EndGlobalSection
	GlobalSection(ProjectConfigurationPlatforms) = postSolution
		{BE05E5B0-9189-417E-8F45-9B3BFD4EBA38}.Debug|Any CPU.ActiveCfg = Debug|Any CPU
		{BE05E5B0-9189-417E-8F45-9B3BFD4EBA38}.Debug|Any CPU.Build.0 = Debug|Any CPU
		{BE05E5B0-9189-417E-8F45-9B3BFD4EBA38}.Release|Any CPU.ActiveCfg = Release|Any CPU
		{BE05E5B0-9189-417E-8F45-9B3BFD4EBA38}.Release|Any CPU.Build.0 = Release|Any CPU
	EndGlobalSection
	GlobalSection(SolutionProperties) = preSolution
		HideSolutionNode = FALSE
	EndGlobalSection
EndGlobal
